Microsoft Visual Studio Solution File, Format Version 12.00
# Visual Studio Version 17
VisualStudioVersion = 17.5.2.0
MinimumVisualStudioVersion = 10.0.40219.1
Project("{FAE04EC0-301F-11D3-BF4B-00C04F79EFBC}") = "eqnet", "eqnet\eqnet.csproj", "{9DA839D8-E2E0-7BE4-B308-407BDB41059A}"
EndProject
Global
	GlobalSection(SolutionConfigurationPlatforms) = preSolution
		Debug|Any CPU = Debug|Any CPU
		Release|Any CPU = Release|Any CPU
	EndGlobalSection
	GlobalSection(ProjectConfigurationPlatforms) = postSolution
		{9DA839D8-E2E0-7BE4-B308-407BDB41059A}.Debug|Any CPU.ActiveCfg = Debug|Any CPU
		{9DA839D8-E2E0-7BE4-B308-407BDB41059A}.Debug|Any CPU.Build.0 = Debug|Any CPU
		{9DA839D8-E2E0-7BE4-B308-407BDB41059A}.Release|Any CPU.ActiveCfg = Release|Any CPU
		{9DA839D8-E2E0-7giBE4-B308-407BDB41059A}.Release|Any CPU.Build.0 = Release|Any CPU
	EndGlobalSection
	GlobalSection(SolutionProperties) = preSolution
		HideSolutionNode = FALSE
	EndGlobalSection
	GlobalSection(ExtensibilityGlobals) = postSolution
		SolutionGuid = {321C88A0-7CB0-4FF0-A667-807FA582E647}
	EndGlobalSection
EndGlobal
